
Microsoft Visual Studio Solution File, Format Version 12.00
# Visual Studio Version 16
VisualStudioVersion = 16.0.30907.101
MinimumVisualStudioVersion = 10.0.40219.1
Project("{FAE04EC0-301F-11D3-BF4B-00C04F79EFBC}") = "Emprestimo", "ConsoleApp1\Emprestimo.csproj", "{F6974578-F90C-48A4-8306-CDD14E909D38}"
EndProject
Project("{2150E333-8FDC-42A3-9474-1A3956D46DE8}") = "Solution Items", "Solution Items", "{E92F199E-7FF3-4807-9506-10F358707950}"
	ProjectSection(SolutionItems) = preProject
		.editorconfig = .editorconfig
	EndProjectSection
EndProject
Global
	GlobalSection(SolutionConfigurationPlatforms) = preSolution
		Debug|Any CPU = Debug|Any CPU
		Release|Any CPU = Release|Any CPU
	EndGlobalSection
	GlobalSection(ProjectConfigurationPlatforms) = postSolution
		{F6974578-F90C-48A4-8306-CDD14E909D38}.Debug|Any CPU.ActiveCfg = Debug|Any CPU
		{F6974578-F90C-48A4-8306-CDD14E909D38}.Debug|Any CPU.Build.0 = Debug|Any CPU
		{F6974578-F90C-48A4-8306-CDD14E909D38}.Release|Any CPU.ActiveCfg = Release|Any CPU
		{F6974578-F90C-48A4-8306-CDD14E909D38}.Release|Any CPU.Build.0 = Release|Any CPU
	EndGlobalSection
	GlobalSection(SolutionProperties) = preSolution
		HideSolutionNode = FALSE
	EndGlobalSection
	GlobalSection(ExtensibilityGlobals) = postSolution
		SolutionGuid = {BD8E8862-5DAB-47E0-9B50-7E6852373F0C}
	EndGlobalSection
EndGlobal
